
Microsoft Visual Studio Solution File, Format Version 12.00
# Visual Studio Version 17
VisualStudioVersion = 17.2.32616.157
MinimumVisualStudioVersion = 10.0.40219.1
Project("{FAE04EC0-301F-11D3-BF4B-00C04F79EFBC}") = "TradingViewAPI", "TradingViewAPI\TradingViewAPI.csproj", "{0A6055B6-E1DB-41FE-9EEB-CFF883EB5608}"
EndProject
Global
	GlobalSection(SolutionConfigurationPlatforms) = preSolution
		Debug|Any CPU = Debug|Any CPU
		Release|Any CPU = Release|Any CPU
	EndGlobalSection
	GlobalSection(ProjectConfigurationPlatforms) = postSolution
		{0A6055B6-E1DB-41FE-9EEB-CFF883EB5608}.Debug|Any CPU.ActiveCfg = Debug|Any CPU
		{0A6055B6-E1DB-41FE-9EEB-CFF883EB5608}.Debug|Any CPU.Build.0 = Debug|Any CPU
		{0A6055B6-E1DB-41FE-9EEB-CFF883EB5608}.Release|Any CPU.ActiveCfg = Release|Any CPU
		{0A6055B6-E1DB-41FE-9EEB-CFF883EB5608}.Release|Any CPU.Build.0 = Release|Any CPU
	EndGlobalSection
	GlobalSection(SolutionProperties) = preSolution
		HideSolutionNode = FALSE
	EndGlobalSection
	GlobalSection(ExtensibilityGlobals) = postSolution
		SolutionGuid = {361AA2EC-BFED-4DDB-AE4E-88ECAF5F74F1}
	EndGlobalSection
EndGlobal
